
Microsoft Visual Studio Solution File, Format Version 12.00
# Visual Studio 15
VisualStudioVersion = 15.0.26430.13
MinimumVisualStudioVersion = 10.0.40219.1
Project("{FAE04EC0-301F-11D3-BF4B-00C04F79EFBC}") = "SubsetSum", "SubsetSum\SubsetSum.csproj", "{F98A87A1-3231-4DA5-A47C-A3637C880CCE}"
EndProject
Project("{FAE04EC0-301F-11D3-BF4B-00C04F79EFBC}") = "LongestIncreasingSubsequence", "LongestIncreasingSubsequence\LongestIncreasingSubsequence.csproj", "{5D4A9896-2FE6-44E6-B18B-FEC47BCDCC33}"
EndProject
Global
	GlobalSection(SolutionConfigurationPlatforms) = preSolution
		Debug|Any CPU = Debug|Any CPU
		Release|Any CPU = Release|Any CPU
	EndGlobalSection
	GlobalSection(ProjectConfigurationPlatforms) = postSolution
		{F98A87A1-3231-4DA5-A47C-A3637C880CCE}.Debug|Any CPU.ActiveCfg = Debug|Any CPU
		{F98A87A1-3231-4DA5-A47C-A3637C880CCE}.Debug|Any CPU.Build.0 = Debug|Any CPU
		{F98A87A1-3231-4DA5-A47C-A3637C880CCE}.Release|Any CPU.ActiveCfg = Release|Any CPU
		{F98A87A1-3231-4DA5-A47C-A3637C880CCE}.Release|Any CPU.Build.0 = Release|Any CPU
		{5D4A9896-2FE6-44E6-B18B-FEC47BCDCC33}.Debug|Any CPU.ActiveCfg = Debug|Any CPU
		{5D4A9896-2FE6-44E6-B18B-FEC47BCDCC33}.Debug|Any CPU.Build.0 = Debug|Any CPU
		{5D4A9896-2FE6-44E6-B18B-FEC47BCDCC33}.Release|Any CPU.ActiveCfg = Release|Any CPU
		{5D4A9896-2FE6-44E6-B18B-FEC47BCDCC33}.Release|Any CPU.Build.0 = Release|Any CPU
	EndGlobalSection
	GlobalSection(SolutionProperties) = preSolution
		HideSolutionNode = FALSE
	EndGlobalSection
EndGlobal
