
Microsoft Visual Studio Solution File, Format Version 12.00
# Visual Studio 15
VisualStudioVersion = 15.0.26430.13
MinimumVisualStudioVersion = 10.0.40219.1
Project("{FAE04EC0-301F-11D3-BF4B-00C04F79EFBC}") = "BFS", "BFS\BFS.csproj", "{BDECB6D6-2EDC-4483-9FF9-5872C2EAF999}"
EndProject
Project("{FAE04EC0-301F-11D3-BF4B-00C04F79EFBC}") = "DFSStack", "DFSStack\DFSStack.csproj", "{7B5FF848-CC05-42BD-AD8C-DD644FEC80D9}"
EndProject
Project("{FAE04EC0-301F-11D3-BF4B-00C04F79EFBC}") = "DFSRecursiveOOPGraph", "DFSRecursiveOOPGraph\DFSRecursiveOOPGraph.csproj", "{18026C23-6B29-47AE-81D9-159D26E38E3F}"
EndProject
Project("{FAE04EC0-301F-11D3-BF4B-00C04F79EFBC}") = "TopologicalSorting", "TopologicalSorting\TopologicalSorting.csproj", "{73522813-0106-4AA1-A1E3-9F800D97DE5B}"
EndProject
Global
	GlobalSection(SolutionConfigurationPlatforms) = preSolution
		Debug|Any CPU = Debug|Any CPU
		Release|Any CPU = Release|Any CPU
	EndGlobalSection
	GlobalSection(ProjectConfigurationPlatforms) = postSolution
		{BDECB6D6-2EDC-4483-9FF9-5872C2EAF999}.Debug|Any CPU.ActiveCfg = Debug|Any CPU
		{BDECB6D6-2EDC-4483-9FF9-5872C2EAF999}.Debug|Any CPU.Build.0 = Debug|Any CPU
		{BDECB6D6-2EDC-4483-9FF9-5872C2EAF999}.Release|Any CPU.ActiveCfg = Release|Any CPU
		{BDECB6D6-2EDC-4483-9FF9-5872C2EAF999}.Release|Any CPU.Build.0 = Release|Any CPU
		{7B5FF848-CC05-42BD-AD8C-DD644FEC80D9}.Debug|Any CPU.ActiveCfg = Debug|Any CPU
		{7B5FF848-CC05-42BD-AD8C-DD644FEC80D9}.Debug|Any CPU.Build.0 = Debug|Any CPU
		{7B5FF848-CC05-42BD-AD8C-DD644FEC80D9}.Release|Any CPU.ActiveCfg = Release|Any CPU
		{7B5FF848-CC05-42BD-AD8C-DD644FEC80D9}.Release|Any CPU.Build.0 = Release|Any CPU
		{18026C23-6B29-47AE-81D9-159D26E38E3F}.Debug|Any CPU.ActiveCfg = Debug|Any CPU
		{18026C23-6B29-47AE-81D9-159D26E38E3F}.Debug|Any CPU.Build.0 = Debug|Any CPU
		{18026C23-6B29-47AE-81D9-159D26E38E3F}.Release|Any CPU.ActiveCfg = Release|Any CPU
		{18026C23-6B29-47AE-81D9-159D26E38E3F}.Release|Any CPU.Build.0 = Release|Any CPU
		{73522813-0106-4AA1-A1E3-9F800D97DE5B}.Debug|Any CPU.ActiveCfg = Debug|Any CPU
		{73522813-0106-4AA1-A1E3-9F800D97DE5B}.Debug|Any CPU.Build.0 = Debug|Any CPU
		{73522813-0106-4AA1-A1E3-9F800D97DE5B}.Release|Any CPU.ActiveCfg = Release|Any CPU
		{73522813-0106-4AA1-A1E3-9F800D97DE5B}.Release|Any CPU.Build.0 = Release|Any CPU
	EndGlobalSection
	GlobalSection(SolutionProperties) = preSolution
		HideSolutionNode = FALSE
	EndGlobalSection
EndGlobal
